# THIS IS AN AUTOGENERATED FILE. DO NOT EDIT THIS FILE DIRECTLY.
# yarn lockfile v1


bootstrap@^4.0.0-beta.2:
  version "4.0.0-beta.2"
  resolved "https://registry.yarnpkg.com/bootstrap/-/bootstrap-4.0.0-beta.2.tgz#4d67d2aa2219f062cd90bc1247e6747b9e8fd051"

dom-factory@1.0.0-alpha.7:
  version "1.0.0-alpha.7"
  resolved "https://registry.yarnpkg.com/dom-factory/-/dom-factory-1.0.0-alpha.7.tgz#68a4d4bfc1fc9dbe39377f9171bd06ca1633f242"

jquery@^3.2.1:
  version "3.2.1"
  resolved "https://registry.yarnpkg.com/jquery/-/jquery-3.2.1.tgz#5c4d9de652af6cd0a770154a631bba12b015c787"

material-design-icons-iconfont@^3.0.3:
  version "3.0.3"
  resolved "https://registry.yarnpkg.com/material-design-icons-iconfont/-/material-design-icons-iconfont-3.0.3.tgz#154a1084047d4e27237fa7f5a37e1075ceea6df2"

material-design-kit@1.0.0-alpha.17:
  version "1.0.0-alpha.17"
  resolved "https://registry.yarnpkg.com/material-design-kit/-/material-design-kit-1.0.0-alpha.17.tgz#8e308c4063a55bfd1d365ec7b2990553f7e46a0c"

popper.js@^1.12.5:
  version "1.13.0"
  resolved "https://registry.yarnpkg.com/popper.js/-/popper.js-1.13.0.tgz#e1e7ff65cc43f7cf9cf16f1510a75e81f84f4565"
